
Microsoft Visual Studio Solution File, Format Version 12.00
# Visual Studio Version 17
VisualStudioVersion = 17.14.36429.23
MinimumVisualStudioVersion = 10.0.40219.1
Project("{2150E333-8FDC-42A3-9474-1A3956D46DE8}") = "Task0", "Task0", "{02EA681E-C7D8-13C7-8484-4AC65E1B71E8}"
EndProject
Project("{FAE04EC0-301F-11D3-BF4B-00C04F79EFBC}") = "Tuyiu.KazachekI.Sprint0.Task0.V0", "Tuyiu.KazachekI.Sprint0.V0\Tuyiu.KazachekI.Sprint0.Task0.V0.csproj", "{58C1275C-4C94-401F-A33D-AE1C1D259DA4}"
EndProject
Project("{2150E333-8FDC-42A3-9474-1A3956D46DE8}") = "Task1", "Task1", "{0B1F66FE-F74E-4C17-9B8B-5710886D89EB}"
EndProject
Project("{FAE04EC0-301F-11D3-BF4B-00C04F79EFBC}") = "Tuyiu.KazachekI.Sprint0.Task1.V0", "Tuyiu.KazachekI.Sprint0.Task1.V0\Tuyiu.KazachekI.Sprint0.Task1.V0.csproj", "{A1863810-979B-4828-91A6-5950CD712EDA}"
EndProject
Project("{2150E333-8FDC-42A3-9474-1A3956D46DE8}") = "Task2", "Task2", "{5EB14DB0-F997-4204-A2AE-F105055A5EDE}"
EndProject
Project("{FAE04EC0-301F-11D3-BF4B-00C04F79EFBC}") = "Tyuiu.KazachekI.Sprint0.Task2.V0.Lib", "Tyuiu.KazachekI.Sprint0.Task2.V0.Lib\Tyuiu.KazachekI.Sprint0.Task2.V0.Lib.csproj", "{8EA4E7BB-C705-45C5-AF19-897B3758DD62}"
EndProject
Project("{FAE04EC0-301F-11D3-BF4B-00C04F79EFBC}") = "Tyuiu.KazachekI.Sprint0.Task2.V0.Test", "Tyuiu.KazachekI.Sprint0.Task2.V0.Test\Tyuiu.KazachekI.Sprint0.Task2.V0.Test.csproj", "{AA505B82-6AB2-46F0-B1D0-CA7FD15890F2}"
EndProject
Project("{FAE04EC0-301F-11D3-BF4B-00C04F79EFBC}") = "Tuyiu.KazachekI.Sprint0.Task2.V0", "Tuyiu.KazachekI.Sprint0.Task2.V0\Tuyiu.KazachekI.Sprint0.Task2.V0.csproj", "{EF0289FE-8244-4EE6-AEF3-385C067A6CB5}"
EndProject
Project("{2150E333-8FDC-42A3-9474-1A3956D46DE8}") = "Task3", "Task3", "{749410B8-2DA2-472E-9728-03894E415C62}"
EndProject
Project("{FAE04EC0-301F-11D3-BF4B-00C04F79EFBC}") = "Tyuiu.KazachekI.Sprint0.Task3.V0", "Tyuiu.Kazachek.Sprint0.Task3.V0\Tyuiu.KazachekI.Sprint0.Task3.V0.csproj", "{E2147C03-0895-414C-AFBE-E987538F9288}"
EndProject
Project("{FAE04EC0-301F-11D3-BF4B-00C04F79EFBC}") = "Tyuiu.KazachekI.Sprint0.Task3.V0.Lib", "Tyuiu.KazachekI.Sprint0.Task3.V0.Lib\Tyuiu.KazachekI.Sprint0.Task3.V0.Lib.csproj", "{FD5ECA79-370E-4511-AC2E-1EC93A0C7994}"
EndProject
Project("{FAE04EC0-301F-11D3-BF4B-00C04F79EFBC}") = "Tyuiu.KazachekI.Sprint0.Task3.V0.Test", "Tyuiu.KazachekI.Sprint0.Task3.V0.Test\Tyuiu.KazachekI.Sprint0.Task3.V0.Test.csproj", "{0F4B0ED5-461E-4F6B-9049-FCC4590AF009}"
EndProject
Project("{2150E333-8FDC-42A3-9474-1A3956D46DE8}") = "Task4", "Task4", "{D8EA406E-5633-45E6-82C3-0E3A5C2F375E}"
EndProject
Project("{FAE04EC0-301F-11D3-BF4B-00C04F79EFBC}") = "Tyuiu.KazachekI.Sprint0.Task4.V0.Test", "Tyuiu.KazachekI.Sprint0.Task4.V0.Test\Tyuiu.KazachekI.Sprint0.Task4.V0.Test.csproj", "{9862B9D5-0432-4E16-868E-85099D6FE05F}"
EndProject
Project("{FAE04EC0-301F-11D3-BF4B-00C04F79EFBC}") = "Tyuiu.KazachekI.Sprint0.Task4.V0.Lib", "Tyuiu.KazachekI.Sprint0.Task4.V0.Lib\Tyuiu.KazachekI.Sprint0.Task4.V0.Lib.csproj", "{82A82372-3A57-4F37-B9DA-8449314DC4D2}"
EndProject
Project("{FAE04EC0-301F-11D3-BF4B-00C04F79EFBC}") = "Tyuiu.KazachekI.Sprint0.Task4.V0", "Tyuiu.KazachekI.Sprint0.Task4.V0\Tyuiu.KazachekI.Sprint0.Task4.V0.csproj", "{C2C213F6-9ABA-48C5-ADB8-84E95E6D1319}"
EndProject
Project("{2150E333-8FDC-42A3-9474-1A3956D46DE8}") = "Task5", "Task5", "{998A8F09-C740-47BE-9973-5D3E6BBCE96E}"
EndProject
Project("{FAE04EC0-301F-11D3-BF4B-00C04F79EFBC}") = "Tyuiu.KazachekI.Sprint0.Task5.V0", "Tyuiu.KazachekI.Sprint0.Task5.V0\Tyuiu.KazachekI.Sprint0.Task5.V0.csproj", "{9B7BEC50-828F-46FB-8A84-0CFA15A0F6C2}"
EndProject
Project("{FAE04EC0-301F-11D3-BF4B-00C04F79EFBC}") = "Tyuiu.KazachekI.Sprint0.Task5.V0.Lib", "Tyuiu.KazachekI.Sprint0.Task5.V0.Lib\Tyuiu.KazachekI.Sprint0.Task5.V0.Lib.csproj", "{1598694C-3207-467B-B735-E939EE5E431F}"
EndProject
Project("{FAE04EC0-301F-11D3-BF4B-00C04F79EFBC}") = "Tyuiu.KazachekI.Sprint0.Task5.V0.Test", "Tyuiu.KazachekI.Sprint0.Task5.V0.Test\Tyuiu.KazachekI.Sprint0.Task5.V0.Test.csproj", "{A57BEDA3-22D9-40DA-A618-F9923B2158A6}"
EndProject
Project("{2150E333-8FDC-42A3-9474-1A3956D46DE8}") = "Task6", "Task6", "{97AA2210-7E68-4927-BAF3-E6A565BBB7F0}"
EndProject
Project("{FAE04EC0-301F-11D3-BF4B-00C04F79EFBC}") = "Tyuiu.KazachekI.Sprint0.Task6.V0", "Tyuiu.KazachekI.Sprint0.Task6.V0\Tyuiu.KazachekI.Sprint0.Task6.V0.csproj", "{F94C8DE0-845D-4318-B828-8C3B1C49F9E3}"
EndProject
Project("{FAE04EC0-301F-11D3-BF4B-00C04F79EFBC}") = "Tyuiu.KazachekI.Sprint0.Task6.V0.Lib", "Tyuiu.KazachekI.Sprint0.Task6.V0.Lib\Tyuiu.KazachekI.Sprint0.Task6.V0.Lib.csproj", "{82BD3329-AE35-4C76-A549-4B410EE0C2E0}"
EndProject
Project("{FAE04EC0-301F-11D3-BF4B-00C04F79EFBC}") = "Tyuiu.KazachekI.Sprint0.Task6.V0.Test", "Tyuiu.KazachekI.Sprint0.Task6.V0.Test\Tyuiu.KazachekI.Sprint0.Task6.V0.Test.csproj", "{B6CA5534-D049-4DFD-81D7-B3AD5182320F}"
EndProject
Project("{2150E333-8FDC-42A3-9474-1A3956D46DE8}") = "Task7", "Task7", "{DCFDFEEF-5539-4A03-A2E3-A6F2B6ADC5F3}"
EndProject
Project("{FAE04EC0-301F-11D3-BF4B-00C04F79EFBC}") = "Tyuiu.KazachekI.Sprint0.Task7.V0", "Tyuiu.KazachekI.Sprint0.Task7.V0\Tyuiu.KazachekI.Sprint0.Task7.V0.csproj", "{E199D94E-0583-4111-90FD-23F9A4A0FF0F}"
EndProject
Project("{FAE04EC0-301F-11D3-BF4B-00C04F79EFBC}") = "Tyuiu.KazachekI.Sprint0.Task7.V0.Lib", "Tyuiu.KazachekI.Sprint0.Task7.V0.Lib\Tyuiu.KazachekI.Sprint0.Task7.V0.Lib.csproj", "{F18C620D-46DC-44D5-BF6E-80CF96023759}"
EndProject
Project("{FAE04EC0-301F-11D3-BF4B-00C04F79EFBC}") = "Tyuiu.KazachekI.Sprint0.Task7.V0.Test", "Tyuiu.KazachekI.Sprint0.Task7.V0.Test\Tyuiu.KazachekI.Sprint0.Task7.V0.Test.csproj", "{05961C56-ACE0-4F03-9506-B402B993BEEF}"
EndProject
Global
	GlobalSection(SolutionConfigurationPlatforms) = preSolution
		Debug|Any CPU = Debug|Any CPU
		Release|Any CPU = Release|Any CPU
	EndGlobalSection
	GlobalSection(ProjectConfigurationPlatforms) = postSolution
		{58C1275C-4C94-401F-A33D-AE1C1D259DA4}.Debug|Any CPU.ActiveCfg = Debug|Any CPU
		{58C1275C-4C94-401F-A33D-AE1C1D259DA4}.Debug|Any CPU.Build.0 = Debug|Any CPU
		{58C1275C-4C94-401F-A33D-AE1C1D259DA4}.Release|Any CPU.ActiveCfg = Release|Any CPU
		{58C1275C-4C94-401F-A33D-AE1C1D259DA4}.Release|Any CPU.Build.0 = Release|Any CPU
		{A1863810-979B-4828-91A6-5950CD712EDA}.Debug|Any CPU.ActiveCfg = Debug|Any CPU
		{A1863810-979B-4828-91A6-5950CD712EDA}.Debug|Any CPU.Build.0 = Debug|Any CPU
		{A1863810-979B-4828-91A6-5950CD712EDA}.Release|Any CPU.ActiveCfg = Release|Any CPU
		{A1863810-979B-4828-91A6-5950CD712EDA}.Release|Any CPU.Build.0 = Release|Any CPU
		{8EA4E7BB-C705-45C5-AF19-897B3758DD62}.Debug|Any CPU.ActiveCfg = Debug|Any CPU
		{8EA4E7BB-C705-45C5-AF19-897B3758DD62}.Debug|Any CPU.Build.0 = Debug|Any CPU
		{8EA4E7BB-C705-45C5-AF19-897B3758DD62}.Release|Any CPU.ActiveCfg = Release|Any CPU
		{8EA4E7BB-C705-45C5-AF19-897B3758DD62}.Release|Any CPU.Build.0 = Release|Any CPU
		{AA505B82-6AB2-46F0-B1D0-CA7FD15890F2}.Debug|Any CPU.ActiveCfg = Debug|Any CPU
		{AA505B82-6AB2-46F0-B1D0-CA7FD15890F2}.Debug|Any CPU.Build.0 = Debug|Any CPU
		{AA505B82-6AB2-46F0-B1D0-CA7FD15890F2}.Release|Any CPU.ActiveCfg = Release|Any CPU
		{AA505B82-6AB2-46F0-B1D0-CA7FD15890F2}.Release|Any CPU.Build.0 = Release|Any CPU
		{EF0289FE-8244-4EE6-AEF3-385C067A6CB5}.Debug|Any CPU.ActiveCfg = Debug|Any CPU
		{EF0289FE-8244-4EE6-AEF3-385C067A6CB5}.Debug|Any CPU.Build.0 = Debug|Any CPU
		{EF0289FE-8244-4EE6-AEF3-385C067A6CB5}.Release|Any CPU.ActiveCfg = Release|Any CPU
		{EF0289FE-8244-4EE6-AEF3-385C067A6CB5}.Release|Any CPU.Build.0 = Release|Any CPU
		{E2147C03-0895-414C-AFBE-E987538F9288}.Debug|Any CPU.ActiveCfg = Debug|Any CPU
		{E2147C03-0895-414C-AFBE-E987538F9288}.Debug|Any CPU.Build.0 = Debug|Any CPU
		{E2147C03-0895-414C-AFBE-E987538F9288}.Release|Any CPU.ActiveCfg = Release|Any CPU
		{E2147C03-0895-414C-AFBE-E987538F9288}.Release|Any CPU.Build.0 = Release|Any CPU
		{FD5ECA79-370E-4511-AC2E-1EC93A0C7994}.Debug|Any CPU.ActiveCfg = Debug|Any CPU
		{FD5ECA79-370E-4511-AC2E-1EC93A0C7994}.Debug|Any CPU.Build.0 = Debug|Any CPU
		{FD5ECA79-370E-4511-AC2E-1EC93A0C7994}.Release|Any CPU.ActiveCfg = Release|Any CPU
		{FD5ECA79-370E-4511-AC2E-1EC93A0C7994}.Release|Any CPU.Build.0 = Release|Any CPU
		{0F4B0ED5-461E-4F6B-9049-FCC4590AF009}.Debug|Any CPU.ActiveCfg = Debug|Any CPU
		{0F4B0ED5-461E-4F6B-9049-FCC4590AF009}.Debug|Any CPU.Build.0 = Debug|Any CPU
		{0F4B0ED5-461E-4F6B-9049-FCC4590AF009}.Release|Any CPU.ActiveCfg = Release|Any CPU
		{0F4B0ED5-461E-4F6B-9049-FCC4590AF009}.Release|Any CPU.Build.0 = Release|Any CPU
		{9862B9D5-0432-4E16-868E-85099D6FE05F}.Debug|Any CPU.ActiveCfg = Debug|Any CPU
		{9862B9D5-0432-4E16-868E-85099D6FE05F}.Debug|Any CPU.Build.0 = Debug|Any CPU
		{9862B9D5-0432-4E16-868E-85099D6FE05F}.Release|Any CPU.ActiveCfg = Release|Any CPU
		{9862B9D5-0432-4E16-868E-85099D6FE05F}.Release|Any CPU.Build.0 = Release|Any CPU
		{82A82372-3A57-4F37-B9DA-8449314DC4D2}.Debug|Any CPU.ActiveCfg = Debug|Any CPU
		{82A82372-3A57-4F37-B9DA-8449314DC4D2}.Debug|Any CPU.Build.0 = Debug|Any CPU
		{82A82372-3A57-4F37-B9DA-8449314DC4D2}.Release|Any CPU.ActiveCfg = Release|Any CPU
		{82A82372-3A57-4F37-B9DA-8449314DC4D2}.Release|Any CPU.Build.0 = Release|Any CPU
		{C2C213F6-9ABA-48C5-ADB8-84E95E6D1319}.Debug|Any CPU.ActiveCfg = Debug|Any CPU
		{C2C213F6-9ABA-48C5-ADB8-84E95E6D1319}.Debug|Any CPU.Build.0 = Debug|Any CPU
		{C2C213F6-9ABA-48C5-ADB8-84E95E6D1319}.Release|Any CPU.ActiveCfg = Release|Any CPU
		{C2C213F6-9ABA-48C5-ADB8-84E95E6D1319}.Release|Any CPU.Build.0 = Release|Any CPU
		{9B7BEC50-828F-46FB-8A84-0CFA15A0F6C2}.Debug|Any CPU.ActiveCfg = Debug|Any CPU
		{9B7BEC50-828F-46FB-8A84-0CFA15A0F6C2}.Debug|Any CPU.Build.0 = Debug|Any CPU
		{9B7BEC50-828F-46FB-8A84-0CFA15A0F6C2}.Release|Any CPU.ActiveCfg = Release|Any CPU
		{9B7BEC50-828F-46FB-8A84-0CFA15A0F6C2}.Release|Any CPU.Build.0 = Release|Any CPU
		{1598694C-3207-467B-B735-E939EE5E431F}.Debug|Any CPU.ActiveCfg = Debug|Any CPU
		{1598694C-3207-467B-B735-E939EE5E431F}.Debug|Any CPU.Build.0 = Debug|Any CPU
		{1598694C-3207-467B-B735-E939EE5E431F}.Release|Any CPU.ActiveCfg = Release|Any CPU
		{1598694C-3207-467B-B735-E939EE5E431F}.Release|Any CPU.Build.0 = Release|Any CPU
		{A57BEDA3-22D9-40DA-A618-F9923B2158A6}.Debug|Any CPU.ActiveCfg = Debug|Any CPU
		{A57BEDA3-22D9-40DA-A618-F9923B2158A6}.Debug|Any CPU.Build.0 = Debug|Any CPU
		{A57BEDA3-22D9-40DA-A618-F9923B2158A6}.Release|Any CPU.ActiveCfg = Release|Any CPU
		{A57BEDA3-22D9-40DA-A618-F9923B2158A6}.Release|Any CPU.Build.0 = Release|Any CPU
		{F94C8DE0-845D-4318-B828-8C3B1C49F9E3}.Debug|Any CPU.ActiveCfg = Debug|Any CPU
		{F94C8DE0-845D-4318-B828-8C3B1C49F9E3}.Debug|Any CPU.Build.0 = Debug|Any CPU
		{F94C8DE0-845D-4318-B828-8C3B1C49F9E3}.Release|Any CPU.ActiveCfg = Release|Any CPU
		{F94C8DE0-845D-4318-B828-8C3B1C49F9E3}.Release|Any CPU.Build.0 = Release|Any CPU
		{82BD3329-AE35-4C76-A549-4B410EE0C2E0}.Debug|Any CPU.ActiveCfg = Debug|Any CPU
		{82BD3329-AE35-4C76-A549-4B410EE0C2E0}.Debug|Any CPU.Build.0 = Debug|Any CPU
		{82BD3329-AE35-4C76-A549-4B410EE0C2E0}.Release|Any CPU.ActiveCfg = Release|Any CPU
		{82BD3329-AE35-4C76-A549-4B410EE0C2E0}.Release|Any CPU.Build.0 = Release|Any CPU
		{B6CA5534-D049-4DFD-81D7-B3AD5182320F}.Debug|Any CPU.ActiveCfg = Debug|Any CPU
		{B6CA5534-D049-4DFD-81D7-B3AD5182320F}.Debug|Any CPU.Build.0 = Debug|Any CPU
		{B6CA5534-D049-4DFD-81D7-B3AD5182320F}.Release|Any CPU.ActiveCfg = Release|Any CPU
		{B6CA5534-D049-4DFD-81D7-B3AD5182320F}.Release|Any CPU.Build.0 = Release|Any CPU
		{E199D94E-0583-4111-90FD-23F9A4A0FF0F}.Debug|Any CPU.ActiveCfg = Debug|Any CPU
		{E199D94E-0583-4111-90FD-23F9A4A0FF0F}.Debug|Any CPU.Build.0 = Debug|Any CPU
		{E199D94E-0583-4111-90FD-23F9A4A0FF0F}.Release|Any CPU.ActiveCfg = Release|Any CPU
		{E199D94E-0583-4111-90FD-23F9A4A0FF0F}.Release|Any CPU.Build.0 = Release|Any CPU
		{F18C620D-46DC-44D5-BF6E-80CF96023759}.Debug|Any CPU.ActiveCfg = Debug|Any CPU
		{F18C620D-46DC-44D5-BF6E-80CF96023759}.Debug|Any CPU.Build.0 = Debug|Any CPU
		{F18C620D-46DC-44D5-BF6E-80CF96023759}.Release|Any CPU.ActiveCfg = Release|Any CPU
		{F18C620D-46DC-44D5-BF6E-80CF96023759}.Release|Any CPU.Build.0 = Release|Any CPU
		{05961C56-ACE0-4F03-9506-B402B993BEEF}.Debug|Any CPU.ActiveCfg = Debug|Any CPU
		{05961C56-ACE0-4F03-9506-B402B993BEEF}.Debug|Any CPU.Build.0 = Debug|Any CPU
		{05961C56-ACE0-4F03-9506-B402B993BEEF}.Release|Any CPU.ActiveCfg = Release|Any CPU
		{05961C56-ACE0-4F03-9506-B402B993BEEF}.Release|Any CPU.Build.0 = Release|Any CPU
	EndGlobalSection
	GlobalSection(SolutionProperties) = preSolution
		HideSolutionNode = FALSE
	EndGlobalSection
	GlobalSection(NestedProjects) = preSolution
		{58C1275C-4C94-401F-A33D-AE1C1D259DA4} = {02EA681E-C7D8-13C7-8484-4AC65E1B71E8}
		{A1863810-979B-4828-91A6-5950CD712EDA} = {0B1F66FE-F74E-4C17-9B8B-5710886D89EB}
		{8EA4E7BB-C705-45C5-AF19-897B3758DD62} = {5EB14DB0-F997-4204-A2AE-F105055A5EDE}
		{AA505B82-6AB2-46F0-B1D0-CA7FD15890F2} = {5EB14DB0-F997-4204-A2AE-F105055A5EDE}
		{EF0289FE-8244-4EE6-AEF3-385C067A6CB5} = {5EB14DB0-F997-4204-A2AE-F105055A5EDE}
		{E2147C03-0895-414C-AFBE-E987538F9288} = {749410B8-2DA2-472E-9728-03894E415C62}
		{FD5ECA79-370E-4511-AC2E-1EC93A0C7994} = {749410B8-2DA2-472E-9728-03894E415C62}
		{0F4B0ED5-461E-4F6B-9049-FCC4590AF009} = {749410B8-2DA2-472E-9728-03894E415C62}
		{9862B9D5-0432-4E16-868E-85099D6FE05F} = {D8EA406E-5633-45E6-82C3-0E3A5C2F375E}
		{82A82372-3A57-4F37-B9DA-8449314DC4D2} = {D8EA406E-5633-45E6-82C3-0E3A5C2F375E}
		{C2C213F6-9ABA-48C5-ADB8-84E95E6D1319} = {D8EA406E-5633-45E6-82C3-0E3A5C2F375E}
		{9B7BEC50-828F-46FB-8A84-0CFA15A0F6C2} = {998A8F09-C740-47BE-9973-5D3E6BBCE96E}
		{1598694C-3207-467B-B735-E939EE5E431F} = {998A8F09-C740-47BE-9973-5D3E6BBCE96E}
		{A57BEDA3-22D9-40DA-A618-F9923B2158A6} = {998A8F09-C740-47BE-9973-5D3E6BBCE96E}
		{F94C8DE0-845D-4318-B828-8C3B1C49F9E3} = {97AA2210-7E68-4927-BAF3-E6A565BBB7F0}
		{82BD3329-AE35-4C76-A549-4B410EE0C2E0} = {97AA2210-7E68-4927-BAF3-E6A565BBB7F0}
		{B6CA5534-D049-4DFD-81D7-B3AD5182320F} = {97AA2210-7E68-4927-BAF3-E6A565BBB7F0}
		{E199D94E-0583-4111-90FD-23F9A4A0FF0F} = {DCFDFEEF-5539-4A03-A2E3-A6F2B6ADC5F3}
		{F18C620D-46DC-44D5-BF6E-80CF96023759} = {DCFDFEEF-5539-4A03-A2E3-A6F2B6ADC5F3}
		{05961C56-ACE0-4F03-9506-B402B993BEEF} = {DCFDFEEF-5539-4A03-A2E3-A6F2B6ADC5F3}
	EndGlobalSection
	GlobalSection(ExtensibilityGlobals) = postSolution
		SolutionGuid = {48235325-C1B1-4E7D-A550-85CCCDF43A18}
	EndGlobalSection
EndGlobal
